
Microsoft Visual Studio Solution File, Format Version 12.00
# Visual Studio Version 16
VisualStudioVersion = 16.0.30320.27
MinimumVisualStudioVersion = 10.0.40219.1
Project("{FAE04EC0-301F-11D3-BF4B-00C04F79EFBC}") = "ShopMVC", "ShopMVC\ShopMVC.csproj", "{11C46074-122D-4920-93AE-F230F1AFF0DA}"
EndProject
Project("{FAE04EC0-301F-11D3-BF4B-00C04F79EFBC}") = "DataLayer", "DataLayer\DataLayer.csproj", "{EA94E102-3419-49C5-A578-7FCB0215BD85}"
EndProject
Global
	GlobalSection(SolutionConfigurationPlatforms) = preSolution
		Debug|Any CPU = Debug|Any CPU
		Release|Any CPU = Release|Any CPU
	EndGlobalSection
	GlobalSection(ProjectConfigurationPlatforms) = postSolution
		{11C46074-122D-4920-93AE-F230F1AFF0DA}.Debug|Any CPU.ActiveCfg = Debug|Any CPU
		{11C46074-122D-4920-93AE-F230F1AFF0DA}.Debug|Any CPU.Build.0 = Debug|Any CPU
		{11C46074-122D-4920-93AE-F230F1AFF0DA}.Release|Any CPU.ActiveCfg = Release|Any CPU
		{11C46074-122D-4920-93AE-F230F1AFF0DA}.Release|Any CPU.Build.0 = Release|Any CPU
		{EA94E102-3419-49C5-A578-7FCB0215BD85}.Debug|Any CPU.ActiveCfg = Debug|Any CPU
		{EA94E102-3419-49C5-A578-7FCB0215BD85}.Debug|Any CPU.Build.0 = Debug|Any CPU
		{EA94E102-3419-49C5-A578-7FCB0215BD85}.Release|Any CPU.ActiveCfg = Release|Any CPU
		{EA94E102-3419-49C5-A578-7FCB0215BD85}.Release|Any CPU.Build.0 = Release|Any CPU
	EndGlobalSection
	GlobalSection(SolutionProperties) = preSolution
		HideSolutionNode = FALSE
	EndGlobalSection
	GlobalSection(ExtensibilityGlobals) = postSolution
		SolutionGuid = {6F6C13C9-392C-4D15-BB79-919AA9242FB2}
	EndGlobalSection
EndGlobal
